# THIS IS AN AUTOGENERATED FILE. DO NOT EDIT THIS FILE DIRECTLY.
# yarn lockfile v1


"@next/env@14.2.31":
  version "14.2.31"
  resolved "https://registry.npmjs.org/@next/env/-/env-14.2.31.tgz"
  integrity sha512-X8VxxYL6VuezrG82h0pUA1V+DuTSJp7Nv15bxq3ivrFqZLjx81rfeHMWOE9T0jm1n3DtHGv8gdn6B0T0kr0D3Q==

"@next/swc-win32-x64-msvc@14.2.31":
  version "14.2.31"
  resolved "https://registry.npmjs.org/@next/swc-win32-x64-msvc/-/swc-win32-x64-msvc-14.2.31.tgz"
  integrity sha512-LwFZd4JFnMHGceItR9+jtlMm8lGLU/IPkgjBBgYmdYSfalbHCiDpjMYtgDQ2wtwiAOSJOCyFI4m8PikrsDyA6Q==

"@supabase/auth-js@2.71.1":
  version "2.71.1"
  resolved "https://registry.npmjs.org/@supabase/auth-js/-/auth-js-2.71.1.tgz"
  integrity sha512-mMIQHBRc+SKpZFRB2qtupuzulaUhFYupNyxqDj5Jp/LyPvcWvjaJzZzObv6URtL/O6lPxkanASnotGtNpS3H2Q==
  dependencies:
    "@supabase/node-fetch" "^2.6.14"

"@supabase/functions-js@2.4.5":
  version "2.4.5"
  resolved "https://registry.npmjs.org/@supabase/functions-js/-/functions-js-2.4.5.tgz"
  integrity sha512-v5GSqb9zbosquTo6gBwIiq7W9eQ7rE5QazsK/ezNiQXdCbY+bH8D9qEaBIkhVvX4ZRW5rP03gEfw5yw9tiq4EQ==
  dependencies:
    "@supabase/node-fetch" "^2.6.14"

"@supabase/node-fetch@^2.6.13":
  version "2.6.13"
  resolved "https://registry.npmjs.org/@supabase/node-fetch/-/node-fetch-2.6.13.tgz"
  integrity sha512-rEHQaDVzxLZMCK3p+JW2nzEsK4AJpOQhetppaqAzrFum0Ub8wcnoM/8f1dWRZSulY5fRDP6rJaWT/8X3VleCzg==
  dependencies:
    whatwg-url "^5.0.0"

"@supabase/node-fetch@^2.6.14", "@supabase/node-fetch@2.6.15":
  version "2.6.15"
  resolved "https://registry.npmjs.org/@supabase/node-fetch/-/node-fetch-2.6.15.tgz"
  integrity sha512-1ibVeYUacxWYi9i0cf5efil6adJ9WRyZBLivgjs+AUpewx1F3xPi7gLgaASI2SmIQxPoCEjAsLAzKPgMJVgOUQ==
  dependencies:
    whatwg-url "^5.0.0"

"@supabase/postgrest-js@1.19.4":
  version "1.19.4"
  resolved "https://registry.npmjs.org/@supabase/postgrest-js/-/postgrest-js-1.19.4.tgz"
  integrity sha512-O4soKqKtZIW3olqmbXXbKugUtByD2jPa8kL2m2c1oozAO11uCcGrRhkZL0kVxjBLrXHE0mdSkFsMj7jDSfyNpw==
  dependencies:
    "@supabase/node-fetch" "^2.6.14"

"@supabase/realtime-js@2.15.0":
  version "2.15.0"
  resolved "https://registry.npmjs.org/@supabase/realtime-js/-/realtime-js-2.15.0.tgz"
  integrity sha512-SEIWApsxyoAe68WU2/5PCCuBwa11LL4Bb8K3r2FHCt3ROpaTthmDiWEhnLMGayP05N4QeYrMk0kyTZOwid/Hjw==
  dependencies:
    "@supabase/node-fetch" "^2.6.13"
    "@types/phoenix" "^1.6.6"
    "@types/ws" "^8.18.1"
    ws "^8.18.2"

"@supabase/storage-js@^2.10.4":
  version "2.10.4"
  resolved "https://registry.npmjs.org/@supabase/storage-js/-/storage-js-2.10.4.tgz"
  integrity sha512-cvL02GarJVFcNoWe36VBybQqTVRq6wQSOCvTS64C+eyuxOruFIm1utZAY0xi2qKtHJO3EjKaj8iWJKySusDmAQ==
  dependencies:
    "@supabase/node-fetch" "^2.6.14"

"@supabase/supabase-js@^2.54.0":
  version "2.54.0"
  resolved "https://registry.npmjs.org/@supabase/supabase-js/-/supabase-js-2.54.0.tgz"
  integrity sha512-DLw83YwBfAaFiL3oWV26+sHRdeCGtxmIKccjh/Pndze3BWM4fZghzYKhk3ElOQU8Bluq4AkkCJ5bM5Szl/sfRg==
  dependencies:
    "@supabase/auth-js" "2.71.1"
    "@supabase/functions-js" "2.4.5"
    "@supabase/node-fetch" "2.6.15"
    "@supabase/postgrest-js" "1.19.4"
    "@supabase/realtime-js" "2.15.0"
    "@supabase/storage-js" "^2.10.4"

"@swc/counter@^0.1.3":
  version "0.1.3"
  resolved "https://registry.npmjs.org/@swc/counter/-/counter-0.1.3.tgz"
  integrity sha512-e2BR4lsJkkRlKZ/qCHPw9ZaSxc0MVUd7gtbtaB7aMvHeJVYe8sOB8DBZkP2DtISHGSku9sCK6T6cnY0CtXrOCQ==

"@swc/helpers@0.5.5":
  version "0.5.5"
  resolved "https://registry.npmjs.org/@swc/helpers/-/helpers-0.5.5.tgz"
  integrity sha512-KGYxvIOXcceOAbEk4bi/dVLEK9z8sZ0uBB3Il5b1rhfClSpcX0yfRO0KmTkqR2cnQDymwLB+25ZyMzICg/cm/A==
  dependencies:
    "@swc/counter" "^0.1.3"
    tslib "^2.4.0"

"@types/node@*":
  version "24.2.1"
  resolved "https://registry.npmjs.org/@types/node/-/node-24.2.1.tgz"
  integrity sha512-DRh5K+ka5eJic8CjH7td8QpYEV6Zo10gfRkjHCO3weqZHWDtAaSTFtl4+VMqOJ4N5jcuhZ9/l+yy8rVgw7BQeQ==
  dependencies:
    undici-types "~7.10.0"

"@types/phoenix@^1.6.6":
  version "1.6.6"
  resolved "https://registry.npmjs.org/@types/phoenix/-/phoenix-1.6.6.tgz"
  integrity sha512-PIzZZlEppgrpoT2QgbnDU+MMzuR6BbCjllj0bM70lWoejMeNJAxCchxnv7J3XFkI8MpygtRpzXrIlmWUBclP5A==

"@types/ws@^8.18.1":
  version "8.18.1"
  resolved "https://registry.npmjs.org/@types/ws/-/ws-8.18.1.tgz"
  integrity sha512-ThVF6DCVhA8kUGy+aazFQ4kXQ7E1Ty7A3ypFOe0IcJV8O/M511G99AW24irKrW56Wt44yG9+ij8FaqoBGkuBXg==
  dependencies:
    "@types/node" "*"

autoprefixer@^10.4.21:
  version "10.4.21"
  resolved "https://registry.npmjs.org/autoprefixer/-/autoprefixer-10.4.21.tgz"
  integrity sha512-O+A6LWV5LDHSJD3LjHYoNi4VLsj/Whi7k6zG12xTYaU4cQ8oxQGckXNX8cRHK5yOZ/ppVHe0ZBXGzSV9jXdVbQ==
  dependencies:
    browserslist "^4.24.4"
    caniuse-lite "^1.0.30001702"
    fraction.js "^4.3.7"
    normalize-range "^0.1.2"
    picocolors "^1.1.1"
    postcss-value-parser "^4.2.0"

browserslist@^4.24.4, "browserslist@>= 4.21.0":
  version "4.25.2"
  resolved "https://registry.npmjs.org/browserslist/-/browserslist-4.25.2.tgz"
  integrity sha512-0si2SJK3ooGzIawRu61ZdPCO1IncZwS8IzuX73sPZsXW6EQ/w/DAfPyKI8l1ETTCr2MnvqWitmlCUxgdul45jA==
  dependencies:
    caniuse-lite "^1.0.30001733"
    electron-to-chromium "^1.5.199"
    node-releases "^2.0.19"
    update-browserslist-db "^1.1.3"

busboy@1.6.0:
  version "1.6.0"
  resolved "https://registry.npmjs.org/busboy/-/busboy-1.6.0.tgz"
  integrity sha512-8SFQbg/0hQ9xy3UNTB0YEnsNBbWfhf7RtnzpL7TkBiTBRfrQ9Fxcnz7VJsleJpyp6rVLvXiuORqjlHi5q+PYuA==
  dependencies:
    streamsearch "^1.1.0"

caniuse-lite@^1.0.30001579, caniuse-lite@^1.0.30001702, caniuse-lite@^1.0.30001733:
  version "1.0.30001733"
  resolved "https://registry.npmjs.org/caniuse-lite/-/caniuse-lite-1.0.30001733.tgz"
  integrity sha512-e4QKw/O2Kavj2VQTKZWrwzkt3IxOmIlU6ajRb6LP64LHpBo1J67k2Hi4Vu/TgJWsNtynurfS0uK3MaUTCPfu5Q==

client-only@0.0.1:
  version "0.0.1"
  resolved "https://registry.npmjs.org/client-only/-/client-only-0.0.1.tgz"
  integrity sha512-IV3Ou0jSMzZrd3pZ48nLkT9DA7Ag1pnPzaiQhpW7c3RbcqqzvzzVu+L8gfqMp/8IM2MQtSiqaCxrrcfu8I8rMA==

electron-to-chromium@^1.5.199:
  version "1.5.199"
  resolved "https://registry.npmjs.org/electron-to-chromium/-/electron-to-chromium-1.5.199.tgz"
  integrity sha512-3gl0S7zQd88kCAZRO/DnxtBKuhMO4h0EaQIN3YgZfV6+pW+5+bf2AdQeHNESCoaQqo/gjGVYEf2YM4O5HJQqpQ==

escalade@^3.2.0:
  version "3.2.0"
  resolved "https://registry.npmjs.org/escalade/-/escalade-3.2.0.tgz"
  integrity sha512-WUj2qlxaQtO4g6Pq5c29GTcWGDyd8itL8zTlipgECz3JesAiiOKotd8JU6otB3PACgG6xkJUyVhboMS+bje/jA==

fraction.js@^4.3.7:
  version "4.3.7"
  resolved "https://registry.npmjs.org/fraction.js/-/fraction.js-4.3.7.tgz"
  integrity sha512-ZsDfxO51wGAXREY55a7la9LScWpwv9RxIrYABrlvOFBlH/ShPnrtsXeuUIfXKKOVicNxQ+o8JTbJvjS4M89yew==

graceful-fs@^4.2.11:
  version "4.2.11"
  resolved "https://registry.npmjs.org/graceful-fs/-/graceful-fs-4.2.11.tgz"
  integrity sha512-RbJ5/jmFcNNCcDV5o9eTnBLJ/HszWV0P73bc+Ff4nS/rJj+YaS6IGyiOL0VoBYX+l1Wrl3k63h/KrH+nhJ0XvQ==

"js-tokens@^3.0.0 || ^4.0.0":
  version "4.0.0"
  resolved "https://registry.npmjs.org/js-tokens/-/js-tokens-4.0.0.tgz"
  integrity sha512-RdJUflcE3cUzKiMqQgsCu06FPu9UdIJO0beYbPhHN4k6apgJtifcoCtT9bcxOpYBtpD2kCM6Sbzg4CausW/PKQ==

loose-envify@^1.1.0:
  version "1.4.0"
  resolved "https://registry.npmjs.org/loose-envify/-/loose-envify-1.4.0.tgz"
  integrity sha512-lyuxPGr/Wfhrlem2CL/UcnUc1zcqKAImBDzukY7Y5F/yQiNdko6+fRLevlw1HgMySw7f611UIY408EtxRSoK3Q==
  dependencies:
    js-tokens "^3.0.0 || ^4.0.0"

nanoid@^3.3.11, nanoid@^3.3.6:
  version "3.3.11"
  resolved "https://registry.npmjs.org/nanoid/-/nanoid-3.3.11.tgz"
  integrity sha512-N8SpfPUnUp1bK+PMYW8qSWdl9U+wwNWI4QKxOYDy9JAro3WMX7p2OeVRF9v+347pnakNevPmiHhNmZ2HbFA76w==

next@^14.1.6:
  version "14.2.31"
  resolved "https://registry.npmjs.org/next/-/next-14.2.31.tgz"
  integrity sha512-Wyw1m4t8PhqG+or5a1U/Deb888YApC4rAez9bGhHkTsfwAy4SWKVro0GhEx4sox1856IbLhvhce2hAA6o8vkog==
  dependencies:
    "@next/env" "14.2.31"
    "@swc/helpers" "0.5.5"
    busboy "1.6.0"
    caniuse-lite "^1.0.30001579"
    graceful-fs "^4.2.11"
    postcss "8.4.31"
    styled-jsx "5.1.1"
  optionalDependencies:
    "@next/swc-darwin-arm64" "14.2.31"
    "@next/swc-darwin-x64" "14.2.31"
    "@next/swc-linux-arm64-gnu" "14.2.31"
    "@next/swc-linux-arm64-musl" "14.2.31"
    "@next/swc-linux-x64-gnu" "14.2.31"
    "@next/swc-linux-x64-musl" "14.2.31"
    "@next/swc-win32-arm64-msvc" "14.2.31"
    "@next/swc-win32-ia32-msvc" "14.2.31"
    "@next/swc-win32-x64-msvc" "14.2.31"

node-releases@^2.0.19:
  version "2.0.19"
  resolved "https://registry.npmjs.org/node-releases/-/node-releases-2.0.19.tgz"
  integrity sha512-xxOWJsBKtzAq7DY0J+DTzuz58K8e7sJbdgwkbMWQe8UYB6ekmsQ45q0M/tJDsGaZmbC+l7n57UV8Hl5tHxO9uw==

normalize-range@^0.1.2:
  version "0.1.2"
  resolved "https://registry.npmjs.org/normalize-range/-/normalize-range-0.1.2.tgz"
  integrity sha512-bdok/XvKII3nUpklnV6P2hxtMNrCboOjAcyBuQnWEhO665FwrSNRxU+AqpsyvO6LgGYPspN+lu5CLtw4jPRKNA==

papaparse@^5.5.3:
  version "5.5.3"
  resolved "https://registry.npmjs.org/papaparse/-/papaparse-5.5.3.tgz"
  integrity sha512-5QvjGxYVjxO59MGU2lHVYpRWBBtKHnlIAcSe1uNFCkkptUh63NFRj0FJQm7nR67puEruUci/ZkjmEFrjCAyP4A==

picocolors@^1.0.0, picocolors@^1.1.1:
  version "1.1.1"
  resolved "https://registry.npmjs.org/picocolors/-/picocolors-1.1.1.tgz"
  integrity sha512-xceH2snhtb5M9liqDsmEw56le376mTZkEX/jEb/RxNFyegNul7eNslCXP9FDj/Lcu0X8KEyMceP2ntpaHrDEVA==

postcss-value-parser@^4.2.0:
  version "4.2.0"
  resolved "https://registry.npmjs.org/postcss-value-parser/-/postcss-value-parser-4.2.0.tgz"
  integrity sha512-1NNCs6uurfkVbeXG4S8JFT9t19m45ICnif8zWLd5oPSZ50QnwMfK+H3jv408d4jw/7Bttv5axS5IiHoLaVNHeQ==

postcss@^8.1.0, postcss@^8.5.6:
  version "8.5.6"
  resolved "https://registry.npmjs.org/postcss/-/postcss-8.5.6.tgz"
  integrity sha512-3Ybi1tAuwAP9s0r1UQ2J4n5Y0G05bJkpUIO0/bI9MhwmD70S5aTWbXGBwxHrelT+XM1k6dM0pk+SwNkpTRN7Pg==
  dependencies:
    nanoid "^3.3.11"
    picocolors "^1.1.1"
    source-map-js "^1.2.1"

postcss@8.4.31:
  version "8.4.31"
  resolved "https://registry.npmjs.org/postcss/-/postcss-8.4.31.tgz"
  integrity sha512-PS08Iboia9mts/2ygV3eLpY5ghnUcfLV/EXTOW1E2qYxJKGGBUtNjN76FYHnMs36RmARn41bC0AZmn+rR0OVpQ==
  dependencies:
    nanoid "^3.3.6"
    picocolors "^1.0.0"
    source-map-js "^1.0.2"

react-dom@^18.2.0:
  version "18.3.1"
  resolved "https://registry.npmjs.org/react-dom/-/react-dom-18.3.1.tgz"
  integrity sha512-5m4nQKp+rZRb09LNH59GM4BxTh9251/ylbKIbpe7TpGxfJ+9kv6BLkLBXIjjspbgbnIBNqlI23tRnTWT0snUIw==
  dependencies:
    loose-envify "^1.1.0"
    scheduler "^0.23.2"

react@^18.2.0, react@^18.3.1, "react@>= 16.8.0 || 17.x.x || ^18.0.0-0":
  version "18.3.1"
  resolved "https://registry.npmjs.org/react/-/react-18.3.1.tgz"
  integrity sha512-wS+hAgJShR0KhEvPJArfuPVN1+Hz1t0Y6n5jLrGQbkb4urgPE/0Rve+1kMB1v/oWgHgm4WIcV+i7F2pTVj+2iQ==
  dependencies:
    loose-envify "^1.1.0"

scheduler@^0.23.2:
  version "0.23.2"
  resolved "https://registry.npmjs.org/scheduler/-/scheduler-0.23.2.tgz"
  integrity sha512-UOShsPwz7NrMUqhR6t0hWjFduvOzbtv7toDH1/hIrfRNIDBnnBWd0CwJTGvTpngVlmwGCdP9/Zl/tVrDqcuYzQ==
  dependencies:
    loose-envify "^1.1.0"

source-map-js@^1.0.2, source-map-js@^1.2.1:
  version "1.2.1"
  resolved "https://registry.npmjs.org/source-map-js/-/source-map-js-1.2.1.tgz"
  integrity sha512-UXWMKhLOwVKb728IUtQPXxfYU+usdybtUrK/8uGE8CQMvrhOpwvzDBwj0QhSL7MQc7vIsISBG8VQ8+IDQxpfQA==

streamsearch@^1.1.0:
  version "1.1.0"
  resolved "https://registry.npmjs.org/streamsearch/-/streamsearch-1.1.0.tgz"
  integrity sha512-Mcc5wHehp9aXz1ax6bZUyY5afg9u2rv5cqQI3mRrYkGC8rW2hM02jWuwjtL++LS5qinSyhj2QfLyNsuc+VsExg==

styled-jsx@5.1.1:
  version "5.1.1"
  resolved "https://registry.npmjs.org/styled-jsx/-/styled-jsx-5.1.1.tgz"
  integrity sha512-pW7uC1l4mBZ8ugbiZrcIsiIvVx1UmTfw7UkC3Um2tmfUq9Bhk8IiyEIPl6F8agHgjzku6j0xQEZbfA5uSgSaCw==
  dependencies:
    client-only "0.0.1"

tailwindcss@^4.1.11:
  version "4.1.11"
  resolved "https://registry.npmjs.org/tailwindcss/-/tailwindcss-4.1.11.tgz"
  integrity sha512-2E9TBm6MDD/xKYe+dvJZAmg3yxIEDNRc0jwlNyDg/4Fil2QcSLjFKGVff0lAf1jjeaArlG/M75Ey/EYr/OJtBA==

tr46@~0.0.3:
  version "0.0.3"
  resolved "https://registry.npmjs.org/tr46/-/tr46-0.0.3.tgz"
  integrity sha512-N3WMsuqV66lT30CrXNbEjx4GEwlow3v6rr4mCcv6prnfwhS01rkgyFdjPNBYd9br7LpXV1+Emh01fHnq2Gdgrw==

tslib@^2.4.0:
  version "2.8.1"
  resolved "https://registry.npmjs.org/tslib/-/tslib-2.8.1.tgz"
  integrity sha512-oJFu94HQb+KVduSUQL7wnpmqnfmLsOA/nAh6b6EH0wCEoK0/mPeXU6c3wKDV83MkOuHPRHtSXKKU99IBazS/2w==

undici-types@~7.10.0:
  version "7.10.0"
  resolved "https://registry.npmjs.org/undici-types/-/undici-types-7.10.0.tgz"
  integrity sha512-t5Fy/nfn+14LuOc2KNYg75vZqClpAiqscVvMygNnlsHBFpSXdJaYtXMcdNLpl/Qvc3P2cB3s6lOV51nqsFq4ag==

update-browserslist-db@^1.1.3:
  version "1.1.3"
  resolved "https://registry.npmjs.org/update-browserslist-db/-/update-browserslist-db-1.1.3.tgz"
  integrity sha512-UxhIZQ+QInVdunkDAaiazvvT/+fXL5Osr0JZlJulepYu6Jd7qJtDZjlur0emRlT71EN3ScPoE7gvsuIKKNavKw==
  dependencies:
    escalade "^3.2.0"
    picocolors "^1.1.1"

webidl-conversions@^3.0.0:
  version "3.0.1"
  resolved "https://registry.npmjs.org/webidl-conversions/-/webidl-conversions-3.0.1.tgz"
  integrity sha512-2JAn3z8AR6rjK8Sm8orRC0h/bcl/DqL7tRPdGZ4I1CjdF+EaMLmYxBHyXuKL849eucPFhvBoxMsflfOb8kxaeQ==

whatwg-url@^5.0.0:
  version "5.0.0"
  resolved "https://registry.npmjs.org/whatwg-url/-/whatwg-url-5.0.0.tgz"
  integrity sha512-saE57nupxk6v3HY35+jzBwYa0rKSy0XR8JSxZPwgLr7ys0IBzhGviA1/TUGJLmSVqs8pb9AnvICXEuOHLprYTw==
  dependencies:
    tr46 "~0.0.3"
    webidl-conversions "^3.0.0"

ws@^8.18.2:
  version "8.18.3"
  resolved "https://registry.npmjs.org/ws/-/ws-8.18.3.tgz"
  integrity sha512-PEIGCY5tSlUt50cqyMXfCzX+oOPqN0vuGqWzbcJ2xvnkzkq46oOpz7dQaTDBdfICb4N14+GARUDw2XV2N4tvzg==
